
Microsoft Visual Studio Solution File, Format Version 12.00
# Visual Studio Version 16
VisualStudioVersion = 16.0.31624.102
MinimumVisualStudioVersion = 10.0.40219.1
Project("{FAE04EC0-301F-11D3-BF4B-00C04F79EFBC}") = "Labs C++on C Sharp", "Labs C++on C Sharp\Labs C++on C Sharp.csproj", "{802AD109-00EC-4451-B090-7C0312E911C1}"
EndProject
Global
	GlobalSection(SolutionConfigurationPlatforms) = preSolution
		Debug|Any CPU = Debug|Any CPU
		Release|Any CPU = Release|Any CPU
	EndGlobalSection
	GlobalSection(ProjectConfigurationPlatforms) = postSolution
		{802AD109-00EC-4451-B090-7C0312E911C1}.Debug|Any CPU.ActiveCfg = Debug|Any CPU
		{802AD109-00EC-4451-B090-7C0312E911C1}.Debug|Any CPU.Build.0 = Debug|Any CPU
		{802AD109-00EC-4451-B090-7C0312E911C1}.Release|Any CPU.ActiveCfg = Release|Any CPU
		{802AD109-00EC-4451-B090-7C0312E911C1}.Release|Any CPU.Build.0 = Release|Any CPU
	EndGlobalSection
	GlobalSection(SolutionProperties) = preSolution
		HideSolutionNode = FALSE
	EndGlobalSection
	GlobalSection(ExtensibilityGlobals) = postSolution
		SolutionGuid = {C815F25B-98E8-49D2-A167-B4DFDB6560C8}
	EndGlobalSection
EndGlobal
